Microsoft Visual Studio Solution File, Format Version 12.00
# Visual Studio Version 17
VisualStudioVersion = 17.5.2.0
MinimumVisualStudioVersion = 10.0.40219.1
Project("{FAE04EC0-301F-11D3-BF4B-00C04F79EFBC}") = "FlashDealz", "FlashDealz.csproj", "{46A390D4-3178-8A63-C571-E44083F2CAE0}"
EndProject
Global
	GlobalSection(SolutionConfigurationPlatforms) = preSolution
		Debug|Any CPU = Debug|Any CPU
		Release|Any CPU = Release|Any CPU
	EndGlobalSection
	GlobalSection(ProjectConfigurationPlatforms) = postSolution
		{46A390D4-3178-8A63-C571-E44083F2CAE0}.Debug|Any CPU.ActiveCfg = Debug|Any CPU
		{46A390D4-3178-8A63-C571-E44083F2CAE0}.Debug|Any CPU.Build.0 = Debug|Any CPU
		{46A390D4-3178-8A63-C571-E44083F2CAE0}.Release|Any CPU.ActiveCfg = Release|Any CPU
		{46A390D4-3178-8A63-C571-E44083F2CAE0}.Release|Any CPU.Build.0 = Release|Any CPU
	EndGlobalSection
	GlobalSection(SolutionProperties) = preSolution
		HideSolutionNode = FALSE
	EndGlobalSection
	GlobalSection(ExtensibilityGlobals) = postSolution
		SolutionGuid = {D2CBA616-31C0-417E-8121-74CC8BE8C70A}
	EndGlobalSection
EndGlobal
